// !$*UTF8*$!
{
	archiveVersion = 1;
	classes = {
	};
	objectVersion = 77;
	objects = {

/* Begin PBXBuildFile section */
		DAA408DC2F4ED63700232E67 /* SystemClient.swift in Sources */ = {isa = PBXBuildFile; fileRef = DAA408DB2F4ED62A00232E67 /* SystemClient.swift */; };
		DAA408E12F4F524E00232E67 /* UIView+.swift in Sources */ = {isa = PBXBuildFile; fileRef = DAA408E02F4F524E00232E67 /* UIView+.swift */; };
		DAC8B37C2F4D7B8B00C48367 /* Assets.xcassets in Resources */ = {isa = PBXBuildFile; fileRef = DAC8B3732F4D7B8B00C48367 /* Assets.xcassets */; };
		DAC8B37E2F4D7B8B00C48367 /* LaunchScreen.storyboard in Resources */ = {isa = PBXBuildFile; fileRef = DAC8B3762F4D7B8B00C48367 /* LaunchScreen.storyboard */; };
		DAC8B37F2F4D7B8B00C48367 /* Main.storyboard in Resources */ = {isa = PBXBuildFile; fileRef = DAC8B3782F4D7B8B00C48367 /* Main.storyboard */; };
		DAC8B3802F4D7B8B00C48367 /* AppDelegate.swift in Sources */ = {isa = PBXBuildFile; fileRef = DAC8B3722F4D7B8B00C48367 /* AppDelegate.swift */; };
		DAC8B3812F4D7B8B00C48367 /* SceneDelegate.swift in Sources */ = {isa = PBXBuildFile; fileRef = DAC8B3792F4D7B8B00C48367 /* SceneDelegate.swift */; };
		DAC8B3822F4D7B8B00C48367 /* ViewController.swift in Sources */ = {isa = PBXBuildFile; fileRef = DAC8B37A2F4D7B8B00C48367 /* ViewController.swift */; };
		DAC8B3882F4D7D6C00C48367 /* PhotoPermissionManager.swift in Sources */ = {isa = PBXBuildFile; fileRef = DAC8B3872F4D7D6100C48367 /* PhotoPermissionManager.swift */; };
		DAC8B38C2F4DBAF900C48367 /* Observable+fromAsync.swift in Sources */ = {isa = PBXBuildFile; fileRef = DAC8B38A2F4DBAF900C48367 /* Observable+fromAsync.swift */; };
		DAC8B38D2F4DBAF900C48367 /* Observable+Pulse.swift in Sources */ = {isa = PBXBuildFile; fileRef = DAC8B38B2F4DBAF900C48367 /* Observable+Pulse.swift */; };
		DAC8B3902F4DFB8800C48367 /* RxCocoa in Frameworks */ = {isa = PBXBuildFile; productRef = DAC8B38F2F4DFB8800C48367 /* RxCocoa */; };
		DAC8B3922F4DFB8800C48367 /* RxRelay in Frameworks */ = {isa = PBXBuildFile; productRef = DAC8B3912F4DFB8800C48367 /* RxRelay */; };
		DAC8B3942F4DFB8800C48367 /* RxSwift in Frameworks */ = {isa = PBXBuildFile; productRef = DAC8B3932F4DFB8800C48367 /* RxSwift */; };
		DAC8B3972F4DFBCB00C48367 /* ReactorKit in Frameworks */ = {isa = PBXBuildFile; productRef = DAC8B3962F4DFBCB00C48367 /* ReactorKit */; };
/* End PBXBuildFile section */

/* Begin PBXFileReference section */
		DA027DB62F40620900594D70 /* iOSAppkit.app */ = {isa = PBXFileReference; explicitFileType = wrapper.application; includeInIndex = 0; path = iOSAppkit.app; sourceTree = BUILT_PRODUCTS_DIR; };
		DAA408DB2F4ED62A00232E67 /* SystemClient.swift */ = {isa = PBXFileReference; lastKnownFileType = sourcecode.swift; path = SystemClient.swift; sourceTree = "<group>"; };
		DAA408E02F4F524E00232E67 /* UIView+.swift */ = {isa = PBXFileReference; lastKnownFileType = sourcecode.swift; path = "UIView+.swift"; sourceTree = "<group>"; };
		DAC8B3722F4D7B8B00C48367 /* AppDelegate.swift */ = {isa = PBXFileReference; lastKnownFileType = sourcecode.swift; path = AppDelegate.swift; sourceTree = "<group>"; };
		DAC8B3732F4D7B8B00C48367 /* Assets.xcassets */ = {isa = PBXFileReference; lastKnownFileType = folder.assetcatalog; path = Assets.xcassets; sourceTree = "<group>"; };
		DAC8B3742F4D7B8B00C48367 /* Info.plist */ = {isa = PBXFileReference; lastKnownFileType = text.plist.xml; path = Info.plist; sourceTree = "<group>"; };
		DAC8B3752F4D7B8B00C48367 /* Base */ = {isa = PBXFileReference; lastKnownFileType = file.storyboard; name = Base; path = Base.lproj/LaunchScreen.storyboard; sourceTree = "<group>"; };
		DAC8B3772F4D7B8B00C48367 /* Base */ = {isa = PBXFileReference; lastKnownFileType = file.storyboard; name = Base; path = Base.lproj/Main.storyboard; sourceTree = "<group>"; };
		DAC8B3792F4D7B8B00C48367 /* SceneDelegate.swift */ = {isa = PBXFileReference; lastKnownFileType = sourcecode.swift; path = SceneDelegate.swift; sourceTree = "<group>"; };
		DAC8B37A2F4D7B8B00C48367 /* ViewController.swift */ = {isa = PBXFileReference; lastKnownFileType = sourcecode.swift; path = ViewController.swift; sourceTree = "<group>"; };
		DAC8B3872F4D7D6100C48367 /* PhotoPermissionManager.swift */ = {isa = PBXFileReference; lastKnownFileType = sourcecode.swift; path = PhotoPermissionManager.swift; sourceTree = "<group>"; };
		DAC8B38A2F4DBAF900C48367 /* Observable+fromAsync.swift */ = {isa = PBXFileReference; lastKnownFileType = sourcecode.swift; path = "Observable+fromAsync.swift"; sourceTree = "<group>"; };
		DAC8B38B2F4DBAF900C48367 /* Observable+Pulse.swift */ = {isa = PBXFileReference; lastKnownFileType = sourcecode.swift; path = "Observable+Pulse.swift"; sourceTree = "<group>"; };
/* End PBXFileReference section */

/* Begin PBXFrameworksBuildPhase section */
		DA027DB32F40620900594D70 /* Frameworks */ = {
			isa = PBXFrameworksBuildPhase;
			buildActionMask = 2147483647;
			files = (
				DAC8B3942F4DFB8800C48367 /* RxSwift in Frameworks */,
				DAC8B3922F4DFB8800C48367 /* RxRelay in Frameworks */,
				DAC8B3972F4DFBCB00C48367 /* ReactorKit in Frameworks */,
				DAC8B3902F4DFB8800C48367 /* RxCocoa in Frameworks */,
			);
			runOnlyForDeploymentPostprocessing = 0;
		};
/* End PBXFrameworksBuildPhase section */

/* Begin PBXGroup section */
		DA027DAD2F40620900594D70 = {
			isa = PBXGroup;
			children = (
				DAC8B37B2F4D7B8B00C48367 /* iOSAppkit */,
				DA027DB72F40620900594D70 /* Products */,
			);
			sourceTree = "<group>";
		};
		DA027DB72F40620900594D70 /* Products */ = {
			isa = PBXGroup;
			children = (
				DA027DB62F40620900594D70 /* iOSAppkit.app */,
			);
			name = Products;
			sourceTree = "<group>";
		};
		DAA408DF2F4F524700232E67 /* View */ = {
			isa = PBXGroup;
			children = (
				DAA408E02F4F524E00232E67 /* UIView+.swift */,
			);
			path = View;
			sourceTree = "<group>";
		};
		DAC8B37B2F4D7B8B00C48367 /* iOSAppkit */ = {
			isa = PBXGroup;
			children = (
				DAC8B3862F4D7C6700C48367 /* UIKit */,
				DAC8B3852F4D7C0300C48367 /* SwiftUI */,
				DAC8B3842F4D7BFF00C48367 /* Extension */,
				DAC8B3832F4D7BFB00C48367 /* Util */,
				DAC8B3722F4D7B8B00C48367 /* AppDelegate.swift */,
				DAC8B3732F4D7B8B00C48367 /* Assets.xcassets */,
				DAC8B3742F4D7B8B00C48367 /* Info.plist */,
				DAC8B3762F4D7B8B00C48367 /* LaunchScreen.storyboard */,
				DAC8B3782F4D7B8B00C48367 /* Main.storyboard */,
				DAC8B3792F4D7B8B00C48367 /* SceneDelegate.swift */,
				DAC8B37A2F4D7B8B00C48367 /* ViewController.swift */,
			);
			path = iOSAppkit;
			sourceTree = "<group>";
		};
		DAC8B3832F4D7BFB00C48367 /* Util */ = {
			isa = PBXGroup;
			children = (
				DAA408DB2F4ED62A00232E67 /* SystemClient.swift */,
				DAC8B3872F4D7D6100C48367 /* PhotoPermissionManager.swift */,
			);
			path = Util;
			sourceTree = "<group>";
		};
		DAC8B3842F4D7BFF00C48367 /* Extension */ = {
			isa = PBXGroup;
			children = (
				DAA408DF2F4F524700232E67 /* View */,
				DAC8B3892F4DBAF600C48367 /* RxExtension */,
			);
			path = Extension;
			sourceTree = "<group>";
		};
		DAC8B3852F4D7C0300C48367 /* SwiftUI */ = {
			isa = PBXGroup;
			children = (
			);
			path = SwiftUI;
			sourceTree = "<group>";
		};
		DAC8B3862F4D7C6700C48367 /* UIKit */ = {
			isa = PBXGroup;
			children = (
			);
			path = UIKit;
			sourceTree = "<group>";
		};
		DAC8B3892F4DBAF600C48367 /* RxExtension */ = {
			isa = PBXGroup;
			children = (
				DAC8B38A2F4DBAF900C48367 /* Observable+fromAsync.swift */,
				DAC8B38B2F4DBAF900C48367 /* Observable+Pulse.swift */,
			);
			path = RxExtension;
			sourceTree = "<group>";
		};
/* End PBXGroup section */

/* Begin PBXNativeTarget section */
		DA027DB52F40620900594D70 /* iOSAppkit */ = {
			isa = PBXNativeTarget;
			buildConfigurationList = DA027DC92F40620B00594D70 /* Build configuration list for PBXNativeTarget "iOSAppkit" */;
			buildPhases = (
				DA027DB22F40620900594D70 /* Sources */,
				DA027DB32F40620900594D70 /* Frameworks */,
				DA027DB42F40620900594D70 /* Resources */,
			);
			buildRules = (
			);
			dependencies = (
			);
			name = iOSAppkit;
			packageProductDependencies = (
				DAC8B38F2F4DFB8800C48367 /* RxCocoa */,
				DAC8B3912F4DFB8800C48367 /* RxRelay */,
				DAC8B3932F4DFB8800C48367 /* RxSwift */,
				DAC8B3962F4DFBCB00C48367 /* ReactorKit */,
			);
			productName = iOSAppkit;
			productReference = DA027DB62F40620900594D70 /* iOSAppkit.app */;
			productType = "com.apple.product-type.application";
		};
/* End PBXNativeTarget section */

/* Begin PBXProject section */
		DA027DAE2F40620900594D70 /* Project object */ = {
			isa = PBXProject;
			attributes = {
				BuildIndependentTargetsInParallel = 1;
				LastSwiftUpdateCheck = 2620;
				LastUpgradeCheck = 2620;
				TargetAttributes = {
					DA027DB52F40620900594D70 = {
						CreatedOnToolsVersion = 26.2;
					};
				};
			};
			buildConfigurationList = DA027DB12F40620900594D70 /* Build configuration list for PBXProject "iOSAppkit" */;
			developmentRegion = en;
			hasScannedForEncodings = 0;
			knownRegions = (
				en,
				Base,
			);
			mainGroup = DA027DAD2F40620900594D70;
			minimizedProjectReferenceProxies = 1;
			packageReferences = (
				DAC8B38E2F4DFB8800C48367 /* XCRemoteSwiftPackageReference "RxSwift" */,
				DAC8B3952F4DFBCB00C48367 /* XCRemoteSwiftPackageReference "ReactorKit" */,
			);
			preferredProjectObjectVersion = 77;
			productRefGroup = DA027DB72F40620900594D70 /* Products */;
			projectDirPath = "";
			projectRoot = "";
			targets = (
				DA027DB52F40620900594D70 /* iOSAppkit */,
			);
		};
/* End PBXProject section */

/* Begin PBXResourcesBuildPhase section */
		DA027DB42F40620900594D70 /* Resources */ = {
			isa = PBXResourcesBuildPhase;
			buildActionMask = 2147483647;
			files = (
				DAC8B37C2F4D7B8B00C48367 /* Assets.xcassets in Resources */,
				DAC8B37E2F4D7B8B00C48367 /* LaunchScreen.storyboard in Resources */,
				DAC8B37F2F4D7B8B00C48367 /* Main.storyboard in Resources */,
			);
			runOnlyForDeploymentPostprocessing = 0;
		};
/* End PBXResourcesBuildPhase section */

/* Begin PBXSourcesBuildPhase section */
		DA027DB22F40620900594D70 /* Sources */ = {
			isa = PBXSourcesBuildPhase;
			buildActionMask = 2147483647;
			files = (
				DAC8B38C2F4DBAF900C48367 /* Observable+fromAsync.swift in Sources */,
				DAC8B38D2F4DBAF900C48367 /* Observable+Pulse.swift in Sources */,
				DAA408DC2F4ED63700232E67 /* SystemClient.swift in Sources */,
				DAC8B3802F4D7B8B00C48367 /* AppDelegate.swift in Sources */,
				DAA408E12F4F524E00232E67 /* UIView+.swift in Sources */,
				DAC8B3882F4D7D6C00C48367 /* PhotoPermissionManager.swift in Sources */,
				DAC8B3812F4D7B8B00C48367 /* SceneDelegate.swift in Sources */,
				DAC8B3822F4D7B8B00C48367 /* ViewController.swift in Sources */,
			);
			runOnlyForDeploymentPostprocessing = 0;
		};
/* End PBXSourcesBuildPhase section */

/* Begin PBXVariantGroup section */
		DAC8B3762F4D7B8B00C48367 /* LaunchScreen.storyboard */ = {
			isa = PBXVariantGroup;
			children = (
				DAC8B3752F4D7B8B00C48367 /* Base */,
			);
			name = LaunchScreen.storyboard;
			sourceTree = "<group>";
		};
		DAC8B3782F4D7B8B00C48367 /* Main.storyboard */ = {
			isa = PBXVariantGroup;
			children = (
				DAC8B3772F4D7B8B00C48367 /* Base */,
			);
			name = Main.storyboard;
			sourceTree = "<group>";
		};
/* End PBXVariantGroup section */

/* Begin XCBuildConfiguration section */
		DA027DCA2F40620B00594D70 /* Debug */ = {
			isa = XCBuildConfiguration;
			buildSettings = {
				ASSETCATALOG_COMPILER_APPICON_NAME = AppIcon;
				ASSETCATALOG_COMPILER_GLOBAL_ACCENT_COLOR_NAME = AccentColor;
				CODE_SIGN_STYLE = Automatic;
				CURRENT_PROJECT_VERSION = 1;
				DEVELOPMENT_TEAM = T9N7L92856;
				GENERATE_INFOPLIST_FILE = YES;
				INFOPLIST_FILE = iOSAppkit/Info.plist;
				INFOPLIST_KEY_UIApplicationSupportsIndirectInputEvents = YES;
				INFOPLIST_KEY_UILaunchStoryboardName = LaunchScreen;
				INFOPLIST_KEY_UIMainStoryboardFile = Main;
				INFOPLIST_KEY_UISupportedInterfaceOrientations = UIInterfaceOrientationPortrait;
				INFOPLIST_KEY_UISupportedInterfaceOrientations_iPad = "UIInterfaceOrientationLandscapeLeft UIInterfaceOrientationLandscapeRight UIInterfaceOrientationPortrait UIInterfaceOrientationPortraitUpsideDown";
				LD_RUNPATH_SEARCH_PATHS = (
					"$(inherited)",
					"@executable_path/Frameworks",
				);
				MARKETING_VERSION = 1.0;
				PRODUCT_BUNDLE_IDENTIFIER = com.yuri.iOSAppkit;
				PRODUCT_NAME = "$(TARGET_NAME)";
				STRING_CATALOG_GENERATE_SYMBOLS = YES;
				SUPPORTED_PLATFORMS = "iphoneos iphonesimulator";
				SUPPORTS_MACCATALYST = NO;
				SWIFT_APPROACHABLE_CONCURRENCY = YES;
				SWIFT_DEFAULT_ACTOR_ISOLATION = MainActor;
				SWIFT_EMIT_LOC_STRINGS = YES;
				SWIFT_UPCOMING_FEATURE_MEMBER_IMPORT_VISIBILITY = YES;
				SWIFT_VERSION = 5.0;
				TARGETED_DEVICE_FAMILY = 1;
			};
			name = Debug;
		};
		DA027DCB2F40620B00594D70 /* Release */ = {
			isa = XCBuildConfiguration;
			buildSettings = {
				ASSETCATALOG_COMPILER_APPICON_NAME = AppIcon;
				ASSETCATALOG_COMPILER_GLOBAL_ACCENT_COLOR_NAME = AccentColor;
				CODE_SIGN_STYLE = Automatic;
				CURRENT_PROJECT_VERSION = 1;
				DEVELOPMENT_TEAM = T9N7L92856;
				GENERATE_INFOPLIST_FILE = YES;
				INFOPLIST_FILE = iOSAppkit/Info.plist;
				INFOPLIST_KEY_UIApplicationSupportsIndirectInputEvents = YES;
				INFOPLIST_KEY_UILaunchStoryboardName = LaunchScreen;
				INFOPLIST_KEY_UIMainStoryboardFile = Main;
				INFOPLIST_KEY_UISupportedInterfaceOrientations = UIInterfaceOrientationPortrait;
				INFOPLIST_KEY_UISupportedInterfaceOrientations_iPad = "UIInterfaceOrientationLandscapeLeft UIInterfaceOrientationLandscapeRight UIInterfaceOrientationPortrait UIInterfaceOrientationPortraitUpsideDown";
				LD_RUNPATH_SEARCH_PATHS = (
					"$(inherited)",
					"@executable_path/Frameworks",
				);
				MARKETING_VERSION = 1.0;
				PRODUCT_BUNDLE_IDENTIFIER = com.yuri.iOSAppkit;
				PRODUCT_NAME = "$(TARGET_NAME)";
				STRING_CATALOG_GENERATE_SYMBOLS = YES;
				SUPPORTED_PLATFORMS = "iphoneos iphonesimulator";
				SUPPORTS_MACCATALYST = NO;
				SWIFT_APPROACHABLE_CONCURRENCY = YES;
				SWIFT_DEFAULT_ACTOR_ISOLATION = MainActor;
				SWIFT_EMIT_LOC_STRINGS = YES;
				SWIFT_UPCOMING_FEATURE_MEMBER_IMPORT_VISIBILITY = YES;
				SWIFT_VERSION = 5.0;
				TARGETED_DEVICE_FAMILY = 1;
			};
			name = Release;
		};
		DA027DCC2F40620B00594D70 /* Debug */ = {
			isa = XCBuildConfiguration;
			buildSettings = {
				ALWAYS_SEARCH_USER_PATHS = NO;
				ASSETCATALOG_COMPILER_GENERATE_SWIFT_ASSET_SYMBOL_EXTENSIONS = YES;
				CLANG_ANALYZER_NONNULL = YES;
				CLANG_ANALYZER_NUMBER_OBJECT_CONVERSION = YES_AGGRESSIVE;
				CLANG_CXX_LANGUAGE_STANDARD = "gnu++20";
				CLANG_ENABLE_MODULES = YES;
				CLANG_ENABLE_OBJC_ARC = YES;
				CLANG_ENABLE_OBJC_WEAK = YES;
				CLANG_WARN_BLOCK_CAPTURE_AUTORELEASING = YES;
				CLANG_WARN_BOOL_CONVERSION = YES;
				CLANG_WARN_COMMA = YES;
				CLANG_WARN_CONSTANT_CONVERSION = YES;
				CLANG_WARN_DEPRECATED_OBJC_IMPLEMENTATIONS = YES;
				CLANG_WARN_DIRECT_OBJC_ISA_USAGE = YES_ERROR;
				CLANG_WARN_DOCUMENTATION_COMMENTS = YES;
				CLANG_WARN_EMPTY_BODY = YES;
				CLANG_WARN_ENUM_CONVERSION = YES;
				CLANG_WARN_INFINITE_RECURSION = YES;
				CLANG_WARN_INT_CONVERSION = YES;
				CLANG_WARN_NON_LITERAL_NULL_CONVERSION = YES;
				CLANG_WARN_OBJC_IMPLICIT_RETAIN_SELF = YES;
				CLANG_WARN_OBJC_LITERAL_CONVERSION = YES;
				CLANG_WARN_OBJC_ROOT_CLASS = YES_ERROR;
				CLANG_WARN_QUOTED_INCLUDE_IN_FRAMEWORK_HEADER = YES;
				CLANG_WARN_RANGE_LOOP_ANALYSIS = YES;
				CLANG_WARN_STRICT_PROTOTYPES = YES;
				CLANG_WARN_SUSPICIOUS_MOVE = YES;
				CLANG_WARN_UNGUARDED_AVAILABILITY = YES_AGGRESSIVE;
				CLANG_WARN_UNREACHABLE_CODE = YES;
				CLANG_WARN__DUPLICATE_METHOD_MATCH = YES;
				COPY_PHASE_STRIP = NO;
				DEBUG_INFORMATION_FORMAT = dwarf;
				DEVELOPMENT_TEAM = T9N7L92856;
				ENABLE_STRICT_OBJC_MSGSEND = YES;
				ENABLE_TESTABILITY = YES;
				ENABLE_USER_SCRIPT_SANDBOXING = YES;
				GCC_C_LANGUAGE_STANDARD = gnu17;
				GCC_DYNAMIC_NO_PIC = NO;
				GCC_NO_COMMON_BLOCKS = YES;
				GCC_OPTIMIZATION_LEVEL = 0;
				GCC_PREPROCESSOR_DEFINITIONS = (
					"DEBUG=1",
					"$(inherited)",
				);
				GCC_WARN_64_TO_32_BIT_CONVERSION = YES;
				GCC_WARN_ABOUT_RETURN_TYPE = YES_ERROR;
				GCC_WARN_UNDECLARED_SELECTOR = YES;
				GCC_WARN_UNINITIALIZED_AUTOS = YES_AGGRESSIVE;
				GCC_WARN_UNUSED_FUNCTION = YES;
				GCC_WARN_UNUSED_VARIABLE = YES;
				IPHONEOS_DEPLOYMENT_TARGET = 26.2;
				LOCALIZATION_PREFERS_STRING_CATALOGS = YES;
				MTL_ENABLE_DEBUG_INFO = INCLUDE_SOURCE;
				MTL_FAST_MATH = YES;
				ONLY_ACTIVE_ARCH = YES;
				SDKROOT = iphoneos;
				SWIFT_ACTIVE_COMPILATION_CONDITIONS = "DEBUG $(inherited)";
				SWIFT_OPTIMIZATION_LEVEL = "-Onone";
			};
			name = Debug;
		};
		DA027DCD2F40620B00594D70 /* Release */ = {
			isa = XCBuildConfiguration;
			buildSettings = {
				ALWAYS_SEARCH_USER_PATHS = NO;
				ASSETCATALOG_COMPILER_GENERATE_SWIFT_ASSET_SYMBOL_EXTENSIONS = YES;
				CLANG_ANALYZER_NONNULL = YES;
				CLANG_ANALYZER_NUMBER_OBJECT_CONVERSION = YES_AGGRESSIVE;
				CLANG_CXX_LANGUAGE_STANDARD = "gnu++20";
				CLANG_ENABLE_MODULES = YES;
				CLANG_ENABLE_OBJC_ARC = YES;
				CLANG_ENABLE_OBJC_WEAK = YES;
				CLANG_WARN_BLOCK_CAPTURE_AUTORELEASING = YES;
				CLANG_WARN_BOOL_CONVERSION = YES;
				CLANG_WARN_COMMA = YES;
				CLANG_WARN_CONSTANT_CONVERSION = YES;
				CLANG_WARN_DEPRECATED_OBJC_IMPLEMENTATIONS = YES;
				CLANG_WARN_DIRECT_OBJC_ISA_USAGE = YES_ERROR;
				CLANG_WARN_DOCUMENTATION_COMMENTS = YES;
				CLANG_WARN_EMPTY_BODY = YES;
				CLANG_WARN_ENUM_CONVERSION = YES;
				CLANG_WARN_INFINITE_RECURSION = YES;
				CLANG_WARN_INT_CONVERSION = YES;
				CLANG_WARN_NON_LITERAL_NULL_CONVERSION = YES;
				CLANG_WARN_OBJC_IMPLICIT_RETAIN_SELF = YES;
				CLANG_WARN_OBJC_LITERAL_CONVERSION = YES;
				CLANG_WARN_OBJC_ROOT_CLASS = YES_ERROR;
				CLANG_WARN_QUOTED_INCLUDE_IN_FRAMEWORK_HEADER = YES;
				CLANG_WARN_RANGE_LOOP_ANALYSIS = YES;
				CLANG_WARN_STRICT_PROTOTYPES = YES;
				CLANG_WARN_SUSPICIOUS_MOVE = YES;
				CLANG_WARN_UNGUARDED_AVAILABILITY = YES_AGGRESSIVE;
				CLANG_WARN_UNREACHABLE_CODE = YES;
				CLANG_WARN__DUPLICATE_METHOD_MATCH = YES;
				COPY_PHASE_STRIP = NO;
				DEBUG_INFORMATION_FORMAT = "dwarf-with-dsym";
				DEVELOPMENT_TEAM = T9N7L92856;
				ENABLE_NS_ASSERTIONS = NO;
				ENABLE_STRICT_OBJC_MSGSEND = YES;
				ENABLE_USER_SCRIPT_SANDBOXING = YES;
				GCC_C_LANGUAGE_STANDARD = gnu17;
				GCC_NO_COMMON_BLOCKS = YES;
				GCC_WARN_64_TO_32_BIT_CONVERSION = YES;
				GCC_WARN_ABOUT_RETURN_TYPE = YES_ERROR;
				GCC_WARN_UNDECLARED_SELECTOR = YES;
				GCC_WARN_UNINITIALIZED_AUTOS = YES_AGGRESSIVE;
				GCC_WARN_UNUSED_FUNCTION = YES;
				GCC_WARN_UNUSED_VARIABLE = YES;
				IPHONEOS_DEPLOYMENT_TARGET = 26.2;
				LOCALIZATION_PREFERS_STRING_CATALOGS = YES;
				MTL_ENABLE_DEBUG_INFO = NO;
				MTL_FAST_MATH = YES;
				SDKROOT = iphoneos;
				SWIFT_COMPILATION_MODE = wholemodule;
				VALIDATE_PRODUCT = YES;
			};
			name = Release;
		};
/* End XCBuildConfiguration section */

/* Begin XCConfigurationList section */
		DA027DB12F40620900594D70 /* Build configuration list for PBXProject "iOSAppkit" */ = {
			isa = XCConfigurationList;
			buildConfigurations = (
				DA027DCC2F40620B00594D70 /* Debug */,
				DA027DCD2F40620B00594D70 /* Release */,
			);
			defaultConfigurationIsVisible = 0;
			defaultConfigurationName = Release;
		};
		DA027DC92F40620B00594D70 /* Build configuration list for PBXNativeTarget "iOSAppkit" */ = {
			isa = XCConfigurationList;
			buildConfigurations = (
				DA027DCA2F40620B00594D70 /* Debug */,
				DA027DCB2F40620B00594D70 /* Release */,
			);
			defaultConfigurationIsVisible = 0;
			defaultConfigurationName = Release;
		};
/* End XCConfigurationList section */

/* Begin XCRemoteSwiftPackageReference section */
		DAC8B38E2F4DFB8800C48367 /* XCRemoteSwiftPackageReference "RxSwift" */ = {
			isa = XCRemoteSwiftPackageReference;
			repositoryURL = "https://github.com/ReactiveX/RxSwift.git";
			requirement = {
				kind = upToNextMajorVersion;
				minimumVersion = 6.10.1;
			};
		};
		DAC8B3952F4DFBCB00C48367 /* XCRemoteSwiftPackageReference "ReactorKit" */ = {
			isa = XCRemoteSwiftPackageReference;
			repositoryURL = "https://github.com/ReactorKit/ReactorKit.git";
			requirement = {
				kind = upToNextMajorVersion;
				minimumVersion = 3.2.0;
			};
		};
/* End XCRemoteSwiftPackageReference section */

/* Begin XCSwiftPackageProductDependency section */
		DAC8B38F2F4DFB8800C48367 /* RxCocoa */ = {
			isa = XCSwiftPackageProductDependency;
			package = DAC8B38E2F4DFB8800C48367 /* XCRemoteSwiftPackageReference "RxSwift" */;
			productName = RxCocoa;
		};
		DAC8B3912F4DFB8800C48367 /* RxRelay */ = {
			isa = XCSwiftPackageProductDependency;
			package = DAC8B38E2F4DFB8800C48367 /* XCRemoteSwiftPackageReference "RxSwift" */;
			productName = RxRelay;
		};
		DAC8B3932F4DFB8800C48367 /* RxSwift */ = {
			isa = XCSwiftPackageProductDependency;
			package = DAC8B38E2F4DFB8800C48367 /* XCRemoteSwiftPackageReference "RxSwift" */;
			productName = RxSwift;
		};
		DAC8B3962F4DFBCB00C48367 /* ReactorKit */ = {
			isa = XCSwiftPackageProductDependency;
			package = DAC8B3952F4DFBCB00C48367 /* XCRemoteSwiftPackageReference "ReactorKit" */;
			productName = ReactorKit;
		};
/* End XCSwiftPackageProductDependency section */
	};
	rootObject = DA027DAE2F40620900594D70 /* Project object */;
}
